// !$*UTF8*$!
{
	archiveVersion = 1;
	classes = {
	};
	objectVersion = 46;
	objects = {

/* Begin PBXBuildFile section */
		07E8684575D724FD59254D77 /* TodayView.swift in Sources */ = {isa = PBXBuildFile; fileRef = 1EBB3D0EDE7549E61FB87EDB /* TodayView.swift */; };
		26091264613528E5595EDADD /* guides.json in Resources */ = {isa = PBXBuildFile; fileRef = 75509BDAB26364F6E76E22F7 /* guides.json */; };
		28492C70C246E95E35BFCD92 /* curriculum.json in Resources */ = {isa = PBXBuildFile; fileRef = DA3FD56C3F51C612421B63C8 /* curriculum.json */; };
		2E44B849613E114676068EDD /* Foundation.framework in Frameworks */ = {isa = PBXBuildFile; fileRef = 5305580BAC29A1EC4036DC1D /* Foundation.framework */; };
		3489684F07F4C87BF5EDE492 /* home-hero-pregnant.png in Resources */ = {isa = PBXBuildFile; fileRef = D8B20990977B1338CF0C6B5A /* home-hero-pregnant.png */; };
		4654E6D05D856D0FF12D9C56 /* LessonDetailView.swift in Sources */ = {isa = PBXBuildFile; fileRef = 7CEAF873E720103362F25AE6 /* LessonDetailView.swift */; };
		4E57F61E8730A21A278839A3 /* Assets.xcassets in Resources */ = {isa = PBXBuildFile; fileRef = EFD5CA82E6FBA3B8DBF037F8 /* Assets.xcassets */; };
		54AD91B7A2D4FA8A1C72603E /* AdminHubView.swift in Sources */ = {isa = PBXBuildFile; fileRef = FECC165F968338D68F152C79 /* AdminHubView.swift */; };
		59DA9300184C5638FAACFCFE /* VideoHubView.swift in Sources */ = {isa = PBXBuildFile; fileRef = DFFA412275F265A38647AFC2 /* VideoHubView.swift */; };
		6576743C74FB74DCAD7A6BF2 /* LearnView.swift in Sources */ = {isa = PBXBuildFile; fileRef = 2C0888E557C6FD9BAF548723 /* LearnView.swift */; };
		87226CBCD29CCD7C4D3F10F8 /* videos.json in Resources */ = {isa = PBXBuildFile; fileRef = 54766D81510AE8275F3AF5C2 /* videos.json */; };
		8B97FDF340E9308573BB8061 /* PartnerHubStore.swift in Sources */ = {isa = PBXBuildFile; fileRef = DF12AAE01DF4A2BCF490990E /* PartnerHubStore.swift */; };
		8E0FE0A01A6E1ED04223C15E /* PartnerHubModels.swift in Sources */ = {isa = PBXBuildFile; fileRef = 65D66A92EF27324E8459A4A6 /* PartnerHubModels.swift */; };
		D9425F5435429F388E7D7E20 /* GuidesView.swift in Sources */ = {isa = PBXBuildFile; fileRef = F4EC6BA4D3BA85A86DC4E414 /* GuidesView.swift */; };
		E8AFC24C43ECCD47B28801CB /* PartnerHubRootView.swift in Sources */ = {isa = PBXBuildFile; fileRef = 7CBD60B434A383EF57F3D478 /* PartnerHubRootView.swift */; };
		FA1AEBDCE5E2A800725F095B /* DieudonnePartnerHubApp.swift in Sources */ = {isa = PBXBuildFile; fileRef = AD82EEA159156D632F7B9A30 /* DieudonnePartnerHubApp.swift */; };
/* End PBXBuildFile section */

/* Begin PBXFileReference section */
		1EBB3D0EDE7549E61FB87EDB /* TodayView.swift */ = {isa = PBXFileReference; includeInIndex = 1; lastKnownFileType = sourcecode.swift; path = TodayView.swift; sourceTree = "<group>"; };
		2C0888E557C6FD9BAF548723 /* LearnView.swift */ = {isa = PBXFileReference; includeInIndex = 1; lastKnownFileType = sourcecode.swift; path = LearnView.swift; sourceTree = "<group>"; };
		5305580BAC29A1EC4036DC1D /* Foundation.framework */ = {isa = PBXFileReference; lastKnownFileType = wrapper.framework; name = Foundation.framework; path = Platforms/iPhoneOS.platform/Developer/SDKs/iPhoneOS18.0.sdk/System/Library/Frameworks/Foundation.framework; sourceTree = DEVELOPER_DIR; };
		54766D81510AE8275F3AF5C2 /* videos.json */ = {isa = PBXFileReference; includeInIndex = 1; path = videos.json; sourceTree = "<group>"; };
		65D66A92EF27324E8459A4A6 /* PartnerHubModels.swift */ = {isa = PBXFileReference; includeInIndex = 1; lastKnownFileType = sourcecode.swift; path = PartnerHubModels.swift; sourceTree = "<group>"; };
		6B947357266A7B30E619DD9C /* DieudonnePartnerHub.app */ = {isa = PBXFileReference; explicitFileType = wrapper.application; includeInIndex = 0; path = DieudonnePartnerHub.app; sourceTree = BUILT_PRODUCTS_DIR; };
		75509BDAB26364F6E76E22F7 /* guides.json */ = {isa = PBXFileReference; includeInIndex = 1; path = guides.json; sourceTree = "<group>"; };
		7CBD60B434A383EF57F3D478 /* PartnerHubRootView.swift */ = {isa = PBXFileReference; includeInIndex = 1; lastKnownFileType = sourcecode.swift; name = PartnerHubRootView.swift; path = PartnerHubRootView.swift; sourceTree = "<group>"; };
		7CEAF873E720103362F25AE6 /* LessonDetailView.swift */ = {isa = PBXFileReference; includeInIndex = 1; lastKnownFileType = sourcecode.swift; path = LessonDetailView.swift; sourceTree = "<group>"; };
		AD82EEA159156D632F7B9A30 /* DieudonnePartnerHubApp.swift */ = {isa = PBXFileReference; includeInIndex = 1; lastKnownFileType = sourcecode.swift; name = DieudonnePartnerHubApp.swift; path = DieudonnePartnerHubApp.swift; sourceTree = "<group>"; };
		D8B20990977B1338CF0C6B5A /* home-hero-pregnant.png */ = {isa = PBXFileReference; includeInIndex = 1; lastKnownFileType = image.png; path = "home-hero-pregnant.png"; sourceTree = "<group>"; };
		DA3FD56C3F51C612421B63C8 /* curriculum.json */ = {isa = PBXFileReference; includeInIndex = 1; path = curriculum.json; sourceTree = "<group>"; };
		DF12AAE01DF4A2BCF490990E /* PartnerHubStore.swift */ = {isa = PBXFileReference; includeInIndex = 1; lastKnownFileType = sourcecode.swift; path = PartnerHubStore.swift; sourceTree = "<group>"; };
		DFFA412275F265A38647AFC2 /* VideoHubView.swift */ = {isa = PBXFileReference; includeInIndex = 1; lastKnownFileType = sourcecode.swift; path = VideoHubView.swift; sourceTree = "<group>"; };
		EFD5CA82E6FBA3B8DBF037F8 /* Assets.xcassets */ = {isa = PBXFileReference; includeInIndex = 1; lastKnownFileType = folder.assetcatalog; name = Assets.xcassets; path = Assets.xcassets; sourceTree = "<group>"; };
		F4EC6BA4D3BA85A86DC4E414 /* GuidesView.swift */ = {isa = PBXFileReference; includeInIndex = 1; lastKnownFileType = sourcecode.swift; path = GuidesView.swift; sourceTree = "<group>"; };
		FECC165F968338D68F152C79 /* AdminHubView.swift */ = {isa = PBXFileReference; includeInIndex = 1; lastKnownFileType = sourcecode.swift; path = AdminHubView.swift; sourceTree = "<group>"; };
/* End PBXFileReference section */

/* Begin PBXFrameworksBuildPhase section */
		CE16105071BF958123D615AC /* Frameworks */ = {
			isa = PBXFrameworksBuildPhase;
			buildActionMask = 2147483647;
			files = (
				2E44B849613E114676068EDD /* Foundation.framework in Frameworks */,
			);
			runOnlyForDeploymentPostprocessing = 0;
		};
/* End PBXFrameworksBuildPhase section */

/* Begin PBXGroup section */
		4FEE181A4A4BAD54D26ADAA8 /* iOS */ = {
			isa = PBXGroup;
			children = (
				5305580BAC29A1EC4036DC1D /* Foundation.framework */,
			);
			name = iOS;
			sourceTree = "<group>";
		};
		946B3CE6DEA91F764C7AC87E /* Products */ = {
			isa = PBXGroup;
			children = (
				6B947357266A7B30E619DD9C /* DieudonnePartnerHub.app */,
			);
			name = Products;
			sourceTree = "<group>";
		};
		9566494312FE833B1E769B3E = {
			isa = PBXGroup;
			children = (
				946B3CE6DEA91F764C7AC87E /* Products */,
				9A401EB7C4BE411AB30EE1D8 /* Frameworks */,
				D8C477FF0C585F698DF6D0BC /* DieudonnePartnerHub */,
			);
			sourceTree = "<group>";
		};
		95FF5E74D7CA3DAA3130C7A9 /* Resources */ = {
			isa = PBXGroup;
			children = (
				DA3FD56C3F51C612421B63C8 /* curriculum.json */,
				54766D81510AE8275F3AF5C2 /* videos.json */,
				75509BDAB26364F6E76E22F7 /* guides.json */,
				D8B20990977B1338CF0C6B5A /* home-hero-pregnant.png */,
			);
			name = Resources;
			path = Resources;
			sourceTree = "<group>";
		};
		9A401EB7C4BE411AB30EE1D8 /* Frameworks */ = {
			isa = PBXGroup;
			children = (
				4FEE181A4A4BAD54D26ADAA8 /* iOS */,
			);
			name = Frameworks;
			sourceTree = "<group>";
		};
		9B4D572E7A3D13B67CA38AE7 /* DieudonnePartnerHub */ = {
			isa = PBXGroup;
			children = (
				65D66A92EF27324E8459A4A6 /* PartnerHubModels.swift */,
				DF12AAE01DF4A2BCF490990E /* PartnerHubStore.swift */,
				1EBB3D0EDE7549E61FB87EDB /* TodayView.swift */,
				2C0888E557C6FD9BAF548723 /* LearnView.swift */,
				7CEAF873E720103362F25AE6 /* LessonDetailView.swift */,
				F4EC6BA4D3BA85A86DC4E414 /* GuidesView.swift */,
				DFFA412275F265A38647AFC2 /* VideoHubView.swift */,
				FECC165F968338D68F152C79 /* AdminHubView.swift */,
				95FF5E74D7CA3DAA3130C7A9 /* Resources */,
			);
			name = DieudonnePartnerHub;
			sourceTree = "<group>";
		};
		D8C477FF0C585F698DF6D0BC /* DieudonnePartnerHub */ = {
			isa = PBXGroup;
			children = (
				AD82EEA159156D632F7B9A30 /* DieudonnePartnerHubApp.swift */,
				7CBD60B434A383EF57F3D478 /* PartnerHubRootView.swift */,
				EFD5CA82E6FBA3B8DBF037F8 /* Assets.xcassets */,
				9B4D572E7A3D13B67CA38AE7 /* DieudonnePartnerHub */,
			);
			name = DieudonnePartnerHub;
			path = DieudonnePartnerHub;
			sourceTree = "<group>";
		};
/* End PBXGroup section */

/* Begin PBXNativeTarget section */
		FB5C3A80E8DE92749E235EE8 /* DieudonnePartnerHub */ = {
			isa = PBXNativeTarget;
			buildConfigurationList = A2D40E1731096D134B28D569 /* Build configuration list for PBXNativeTarget "DieudonnePartnerHub" */;
			buildPhases = (
				BA4C5050001A7188538BA17B /* Sources */,
				CE16105071BF958123D615AC /* Frameworks */,
				230BF38EFBB7D790705553D8 /* Resources */,
			);
			buildRules = (
			);
			dependencies = (
			);
			name = DieudonnePartnerHub;
			productName = "Dieudonne Partner Hub";
			productReference = 6B947357266A7B30E619DD9C /* DieudonnePartnerHub.app */;
			productType = "com.apple.product-type.application";
		};
/* End PBXNativeTarget section */

/* Begin PBXProject section */
		2AB1801C4D64C9C3B4303BEE /* Project object */ = {
			isa = PBXProject;
			attributes = {
				LastSwiftUpdateCheck = 1600;
				LastUpgradeCheck = 1640;
				ORGANIZATIONNAME = Dieudonne;
				TargetAttributes = {
					FB5C3A80E8DE92749E235EE8 = {
						CreatedOnToolsVersion = 16.4;
						ProvisioningStyle = Automatic;
					};
				};
			};
			buildConfigurationList = 9FE088B4C360FC2BF9EC01D1 /* Build configuration list for PBXProject "DieudonnePartnerHub" */;
			compatibilityVersion = "Xcode 3.2";
			developmentRegion = en;
			hasScannedForEncodings = 0;
			knownRegions = (
				en,
				Base,
			);
			mainGroup = 9566494312FE833B1E769B3E;
			minimizedProjectReferenceProxies = 0;
			preferredProjectObjectVersion = 77;
			productRefGroup = 946B3CE6DEA91F764C7AC87E /* Products */;
			projectDirPath = "";
			projectRoot = "";
			targets = (
				FB5C3A80E8DE92749E235EE8 /* DieudonnePartnerHub */,
			);
		};
/* End PBXProject section */

/* Begin PBXResourcesBuildPhase section */
		230BF38EFBB7D790705553D8 /* Resources */ = {
			isa = PBXResourcesBuildPhase;
			buildActionMask = 2147483647;
			files = (
				4E57F61E8730A21A278839A3 /* Assets.xcassets in Resources */,
				28492C70C246E95E35BFCD92 /* curriculum.json in Resources */,
				87226CBCD29CCD7C4D3F10F8 /* videos.json in Resources */,
				26091264613528E5595EDADD /* guides.json in Resources */,
				3489684F07F4C87BF5EDE492 /* home-hero-pregnant.png in Resources */,
			);
			runOnlyForDeploymentPostprocessing = 0;
		};
/* End PBXResourcesBuildPhase section */

/* Begin PBXSourcesBuildPhase section */
		BA4C5050001A7188538BA17B /* Sources */ = {
			isa = PBXSourcesBuildPhase;
			buildActionMask = 2147483647;
			files = (
				FA1AEBDCE5E2A800725F095B /* DieudonnePartnerHubApp.swift in Sources */,
				E8AFC24C43ECCD47B28801CB /* PartnerHubRootView.swift in Sources */,
				8E0FE0A01A6E1ED04223C15E /* PartnerHubModels.swift in Sources */,
				8B97FDF340E9308573BB8061 /* PartnerHubStore.swift in Sources */,
				07E8684575D724FD59254D77 /* TodayView.swift in Sources */,
				6576743C74FB74DCAD7A6BF2 /* LearnView.swift in Sources */,
				4654E6D05D856D0FF12D9C56 /* LessonDetailView.swift in Sources */,
				D9425F5435429F388E7D7E20 /* GuidesView.swift in Sources */,
				59DA9300184C5638FAACFCFE /* VideoHubView.swift in Sources */,
				54AD91B7A2D4FA8A1C72603E /* AdminHubView.swift in Sources */,
			);
			runOnlyForDeploymentPostprocessing = 0;
		};
/* End PBXSourcesBuildPhase section */

/* Begin XCBuildConfiguration section */
		19FAF04E3E66605330A7089C /* Release */ = {
			isa = XCBuildConfiguration;
			buildSettings = {
				ASSETCATALOG_COMPILER_APPICON_NAME = AppIcon;
				ASSETCATALOG_COMPILER_GLOBAL_ACCENT_COLOR_NAME = AccentColor;
				CLANG_ENABLE_OBJC_WEAK = NO;
				CODE_SIGN_STYLE = Automatic;
				CURRENT_PROJECT_VERSION = 1;
				DEVELOPMENT_TEAM = "";
				GENERATE_INFOPLIST_FILE = NO;
				INFOPLIST_FILE = DieudonnePartnerHub/Info.plist;
				IPHONEOS_DEPLOYMENT_TARGET = 17.0;
				LD_RUNPATH_SEARCH_PATHS = "$(inherited) @executable_path/Frameworks";
				MARKETING_VERSION = 1.0;
				PRODUCT_BUNDLE_IDENTIFIER = org.dieudonne.partnerhub;
				PRODUCT_NAME = "Dieudonne Partner Hub";
				SDKROOT = iphoneos;
				SUPPORTED_PLATFORMS = "iphoneos iphonesimulator";
				SUPPORTS_MACCATALYST = NO;
				SWIFT_VERSION = 5.0;
				TARGETED_DEVICE_FAMILY = "1,2";
				VALIDATE_PRODUCT = YES;
			};
			name = Release;
		};
		4A11B2B6C6DBE04C719BFB4E /* Debug */ = {
			isa = XCBuildConfiguration;
			buildSettings = {
				ASSETCATALOG_COMPILER_APPICON_NAME = AppIcon;
				ASSETCATALOG_COMPILER_GLOBAL_ACCENT_COLOR_NAME = AccentColor;
				CLANG_ENABLE_OBJC_WEAK = NO;
				CODE_SIGN_STYLE = Automatic;
				CURRENT_PROJECT_VERSION = 1;
				DEVELOPMENT_TEAM = "";
				GENERATE_INFOPLIST_FILE = NO;
				INFOPLIST_FILE = DieudonnePartnerHub/Info.plist;
				IPHONEOS_DEPLOYMENT_TARGET = 17.0;
				LD_RUNPATH_SEARCH_PATHS = "$(inherited) @executable_path/Frameworks";
				MARKETING_VERSION = 1.0;
				PRODUCT_BUNDLE_IDENTIFIER = org.dieudonne.partnerhub;
				PRODUCT_NAME = "Dieudonne Partner Hub";
				SDKROOT = iphoneos;
				SUPPORTED_PLATFORMS = "iphoneos iphonesimulator";
				SUPPORTS_MACCATALYST = NO;
				SWIFT_VERSION = 5.0;
				TARGETED_DEVICE_FAMILY = "1,2";
			};
			name = Debug;
		};
		987FAE1F4073C7FCA0522EC8 /* Release */ = {
			isa = XCBuildConfiguration;
			buildSettings = {
				ALWAYS_SEARCH_USER_PATHS = NO;
				CLANG_ANALYZER_NONNULL = YES;
				CLANG_ANALYZER_NUMBER_OBJECT_CONVERSION = YES_AGGRESSIVE;
				CLANG_CXX_LANGUAGE_STANDARD = "gnu++20";
				CLANG_CXX_LIBRARY = "libc++";
				CLANG_ENABLE_MODULES = YES;
				CLANG_ENABLE_OBJC_ARC = YES;
				CLANG_ENABLE_OBJC_WEAK = YES;
				CLANG_WARN_BLOCK_CAPTURE_AUTORELEASING = YES;
				CLANG_WARN_BOOL_CONVERSION = YES;
				CLANG_WARN_COMMA = YES;
				CLANG_WARN_CONSTANT_CONVERSION = YES;
				CLANG_WARN_DEPRECATED_OBJC_IMPLEMENTATIONS = YES;
				CLANG_WARN_DIRECT_OBJC_ISA_USAGE = YES_ERROR;
				CLANG_WARN_DOCUMENTATION_COMMENTS = YES;
				CLANG_WARN_EMPTY_BODY = YES;
				CLANG_WARN_ENUM_CONVERSION = YES;
				CLANG_WARN_INFINITE_RECURSION = YES;
				CLANG_WARN_INT_CONVERSION = YES;
				CLANG_WARN_NON_LITERAL_NULL_CONVERSION = YES;
				CLANG_WARN_OBJC_IMPLICIT_RETAIN_SELF = YES;
				CLANG_WARN_OBJC_LITERAL_CONVERSION = YES;
				CLANG_WARN_OBJC_ROOT_CLASS = YES_ERROR;
				CLANG_WARN_QUOTED_INCLUDE_IN_FRAMEWORK_HEADER = YES;
				CLANG_WARN_RANGE_LOOP_ANALYSIS = YES;
				CLANG_WARN_STRICT_PROTOTYPES = YES;
				CLANG_WARN_SUSPICIOUS_MOVE = YES;
				CLANG_WARN_UNGUARDED_AVAILABILITY = YES_AGGRESSIVE;
				CLANG_WARN_UNREACHABLE_CODE = YES;
				CLANG_WARN__DUPLICATE_METHOD_MATCH = YES;
				COPY_PHASE_STRIP = NO;
				DEBUG_INFORMATION_FORMAT = "dwarf-with-dsym";
				ENABLE_NS_ASSERTIONS = NO;
				ENABLE_STRICT_OBJC_MSGSEND = YES;
				GCC_C_LANGUAGE_STANDARD = gnu17;
				GCC_NO_COMMON_BLOCKS = YES;
				GCC_WARN_64_TO_32_BIT_CONVERSION = YES;
				GCC_WARN_ABOUT_RETURN_TYPE = YES_ERROR;
				GCC_WARN_UNDECLARED_SELECTOR = YES;
				GCC_WARN_UNINITIALIZED_AUTOS = YES_AGGRESSIVE;
				GCC_WARN_UNUSED_FUNCTION = YES;
				GCC_WARN_UNUSED_VARIABLE = YES;
				IPHONEOS_DEPLOYMENT_TARGET = 17.0;
				MTL_ENABLE_DEBUG_INFO = NO;
				MTL_FAST_MATH = YES;
				PRODUCT_NAME = "$(TARGET_NAME)";
				SDKROOT = iphoneos;
				SWIFT_COMPILATION_MODE = wholemodule;
				SWIFT_OPTIMIZATION_LEVEL = "-O";
				SWIFT_VERSION = 5.0;
			};
			name = Release;
		};
		E051C123BF5DF169FCF458DC /* Debug */ = {
			isa = XCBuildConfiguration;
			buildSettings = {
				ALWAYS_SEARCH_USER_PATHS = NO;
				CLANG_ANALYZER_NONNULL = YES;
				CLANG_ANALYZER_NUMBER_OBJECT_CONVERSION = YES_AGGRESSIVE;
				CLANG_CXX_LANGUAGE_STANDARD = "gnu++20";
				CLANG_CXX_LIBRARY = "libc++";
				CLANG_ENABLE_MODULES = YES;
				CLANG_ENABLE_OBJC_ARC = YES;
				CLANG_ENABLE_OBJC_WEAK = YES;
				CLANG_WARN_BLOCK_CAPTURE_AUTORELEASING = YES;
				CLANG_WARN_BOOL_CONVERSION = YES;
				CLANG_WARN_COMMA = YES;
				CLANG_WARN_CONSTANT_CONVERSION = YES;
				CLANG_WARN_DEPRECATED_OBJC_IMPLEMENTATIONS = YES;
				CLANG_WARN_DIRECT_OBJC_ISA_USAGE = YES_ERROR;
				CLANG_WARN_DOCUMENTATION_COMMENTS = YES;
				CLANG_WARN_EMPTY_BODY = YES;
				CLANG_WARN_ENUM_CONVERSION = YES;
				CLANG_WARN_INFINITE_RECURSION = YES;
				CLANG_WARN_INT_CONVERSION = YES;
				CLANG_WARN_NON_LITERAL_NULL_CONVERSION = YES;
				CLANG_WARN_OBJC_IMPLICIT_RETAIN_SELF = YES;
				CLANG_WARN_OBJC_LITERAL_CONVERSION = YES;
				CLANG_WARN_OBJC_ROOT_CLASS = YES_ERROR;
				CLANG_WARN_QUOTED_INCLUDE_IN_FRAMEWORK_HEADER = YES;
				CLANG_WARN_RANGE_LOOP_ANALYSIS = YES;
				CLANG_WARN_STRICT_PROTOTYPES = YES;
				CLANG_WARN_SUSPICIOUS_MOVE = YES;
				CLANG_WARN_UNGUARDED_AVAILABILITY = YES_AGGRESSIVE;
				CLANG_WARN_UNREACHABLE_CODE = YES;
				CLANG_WARN__DUPLICATE_METHOD_MATCH = YES;
				COPY_PHASE_STRIP = NO;
				DEBUG_INFORMATION_FORMAT = dwarf;
				ENABLE_STRICT_OBJC_MSGSEND = YES;
				ENABLE_TESTABILITY = YES;
				GCC_C_LANGUAGE_STANDARD = gnu17;
				GCC_DYNAMIC_NO_PIC = NO;
				GCC_NO_COMMON_BLOCKS = YES;
				GCC_OPTIMIZATION_LEVEL = 0;
				GCC_PREPROCESSOR_DEFINITIONS = (
					"DEBUG=1",
					"$(inherited)",
				);
				GCC_WARN_64_TO_32_BIT_CONVERSION = YES;
				GCC_WARN_ABOUT_RETURN_TYPE = YES_ERROR;
				GCC_WARN_UNDECLARED_SELECTOR = YES;
				GCC_WARN_UNINITIALIZED_AUTOS = YES_AGGRESSIVE;
				GCC_WARN_UNUSED_FUNCTION = YES;
				GCC_WARN_UNUSED_VARIABLE = YES;
				IPHONEOS_DEPLOYMENT_TARGET = 17.0;
				MTL_ENABLE_DEBUG_INFO = INCLUDE_SOURCE;
				MTL_FAST_MATH = YES;
				ONLY_ACTIVE_ARCH = YES;
				PRODUCT_NAME = "$(TARGET_NAME)";
				SDKROOT = iphoneos;
				SWIFT_ACTIVE_COMPILATION_CONDITIONS = DEBUG;
				SWIFT_OPTIMIZATION_LEVEL = "-Onone";
				SWIFT_VERSION = 5.0;
			};
			name = Debug;
		};
/* End XCBuildConfiguration section */

/* Begin XCConfigurationList section */
		9FE088B4C360FC2BF9EC01D1 /* Build configuration list for PBXProject "DieudonnePartnerHub" */ = {
			isa = XCConfigurationList;
			buildConfigurations = (
				E051C123BF5DF169FCF458DC /* Debug */,
				987FAE1F4073C7FCA0522EC8 /* Release */,
			);
			defaultConfigurationIsVisible = 0;
			defaultConfigurationName = Release;
		};
		A2D40E1731096D134B28D569 /* Build configuration list for PBXNativeTarget "DieudonnePartnerHub" */ = {
			isa = XCConfigurationList;
			buildConfigurations = (
				19FAF04E3E66605330A7089C /* Release */,
				4A11B2B6C6DBE04C719BFB4E /* Debug */,
			);
			defaultConfigurationIsVisible = 0;
			defaultConfigurationName = Release;
		};
/* End XCConfigurationList section */
	};
	rootObject = 2AB1801C4D64C9C3B4303BEE /* Project object */;
}
